{
  "name": "fluent-kombi",
  "version": "0.0.1",
  "lockfileVersion": 1,
  "requires": true,
  "dependencies": {
    "fluent": {
      "version": "0.6.4",
      "resolved": "https://registry.npmjs.org/fluent/-/fluent-0.6.4.tgz",
      "integrity": "sha512-EXfMJmnGbUgaIC1myIzDk5akAF6+1JrI7KVnNCba2ou7WCKc/2CWa8QshfhImVtettOvEs0z0UVdMrS6zX7pxA==",
      "dev": true
    },
    "fluent-syntax": {
      "version": "0.7.0",
      "resolved": "https://registry.npmjs.org/fluent-syntax/-/fluent-syntax-0.7.0.tgz",
      "integrity": "sha512-T0iqfhC40jrs3aDjYOKgzIQjjhsH2Fa6LnXB6naPv0ymW3DeYMUFa89y9aLKMpi1P9nl2vEimK7blx4tVnUWBg==",
      "dev": true
    }
  }
}
